// !$*UTF8*$!
{
	archiveVersion = 1;
	classes = {
	};
	objectVersion = 48;
	objects = {

/* Begin PBXBuildFile section */
		FC629D27208AB9E200B31A99 /* AppDelegate.m in Sources */ = {isa = PBXBuildFile; fileRef = FC629D26208AB9E200B31A99 /* AppDelegate.m */; };
		FC629D2A208AB9E200B31A99 /* ViewController.m in Sources */ = {isa = PBXBuildFile; fileRef = FC629D29208AB9E200B31A99 /* ViewController.m */; };
		FC629D2D208AB9E200B31A99 /* Main.storyboard in Resources */ = {isa = PBXBuildFile; fileRef = FC629D2B208AB9E200B31A99 /* Main.storyboard */; };
		FC629D2F208AB9E200B31A99 /* Assets.xcassets in Resources */ = {isa = PBXBuildFile; fileRef = FC629D2E208AB9E200B31A99 /* Assets.xcassets */; };
		FC629D32208AB9E200B31A99 /* LaunchScreen.storyboard in Resources */ = {isa = PBXBuildFile; fileRef = FC629D30208AB9E200B31A99 /* LaunchScreen.storyboard */; };
		FC629D35208AB9E200B31A99 /* main.m in Sources */ = {isa = PBXBuildFile; fileRef = FC629D34208AB9E200B31A99 /* main.m */; };
		FC629D3D208ABDF700B31A99 /* ZDTableViewController.m in Sources */ = {isa = PBXBuildFile; fileRef = FC629D3C208ABDF700B31A99 /* ZDTableViewController.m */; };
		FC629D41208ABE3900B31A99 /* ZDTableViewCell.m in Sources */ = {isa = PBXBuildFile; fileRef = FC629D3F208ABE3900B31A99 /* ZDTableViewCell.m */; };
		FC629D42208ABE3900B31A99 /* ZDTableViewCell.xib in Resources */ = {isa = PBXBuildFile; fileRef = FC629D40208ABE3900B31A99 /* ZDTableViewCell.xib */; };
		FC629D45208AC0BB00B31A99 /* ZDCellModel.m in Sources */ = {isa = PBXBuildFile; fileRef = FC629D44208AC0BB00B31A99 /* ZDCellModel.m */; };
		FD272ECAF5E30B194410A8CD /* libPods-MultiDownload.a in Frameworks */ = {isa = PBXBuildFile; fileRef = 6423E3FC756299D40232A7C7 /* libPods-MultiDownload.a */; };
/* End PBXBuildFile section */

/* Begin PBXFileReference section */
		6423E3FC756299D40232A7C7 /* libPods-MultiDownload.a */ = {isa = PBXFileReference; explicitFileType = archive.ar; includeInIndex = 0; path = "libPods-MultiDownload.a"; sourceTree = BUILT_PRODUCTS_DIR; };
		83C096FCB34B4E36F1EE4E1F /* Pods-MultiDownload.release.xcconfig */ = {isa = PBXFileReference; includeInIndex = 1; lastKnownFileType = text.xcconfig; name = "Pods-MultiDownload.release.xcconfig"; path = "Pods/Target Support Files/Pods-MultiDownload/Pods-MultiDownload.release.xcconfig"; sourceTree = "<group>"; };
		9ACDA9811A391163AFA13BE0 /* Pods-MultiDownload.debug.xcconfig */ = {isa = PBXFileReference; includeInIndex = 1; lastKnownFileType = text.xcconfig; name = "Pods-MultiDownload.debug.xcconfig"; path = "Pods/Target Support Files/Pods-MultiDownload/Pods-MultiDownload.debug.xcconfig"; sourceTree = "<group>"; };
		FC629D22208AB9E200B31A99 /* MultiDownload.app */ = {isa = PBXFileReference; explicitFileType = wrapper.application; includeInIndex = 0; path = MultiDownload.app; sourceTree = BUILT_PRODUCTS_DIR; };
		FC629D25208AB9E200B31A99 /* AppDelegate.h */ = {isa = PBXFileReference; lastKnownFileType = sourcecode.c.h; path = AppDelegate.h; sourceTree = "<group>"; };
		FC629D26208AB9E200B31A99 /* AppDelegate.m */ = {isa = PBXFileReference; lastKnownFileType = sourcecode.c.objc; path = AppDelegate.m; sourceTree = "<group>"; };
		FC629D28208AB9E200B31A99 /* ViewController.h */ = {isa = PBXFileReference; lastKnownFileType = sourcecode.c.h; path = ViewController.h; sourceTree = "<group>"; };
		FC629D29208AB9E200B31A99 /* ViewController.m */ = {isa = PBXFileReference; lastKnownFileType = sourcecode.c.objc; path = ViewController.m; sourceTree = "<group>"; };
		FC629D2C208AB9E200B31A99 /* Base */ = {isa = PBXFileReference; lastKnownFileType = file.storyboard; name = Base; path = Base.lproj/Main.storyboard; sourceTree = "<group>"; };
		FC629D2E208AB9E200B31A99 /* Assets.xcassets */ = {isa = PBXFileReference; lastKnownFileType = folder.assetcatalog; path = Assets.xcassets; sourceTree = "<group>"; };
		FC629D31208AB9E200B31A99 /* Base */ = {isa = PBXFileReference; lastKnownFileType = file.storyboard; name = Base; path = Base.lproj/LaunchScreen.storyboard; sourceTree = "<group>"; };
		FC629D33208AB9E200B31A99 /* Info.plist */ = {isa = PBXFileReference; lastKnownFileType = text.plist.xml; path = Info.plist; sourceTree = "<group>"; };
		FC629D34208AB9E200B31A99 /* main.m */ = {isa = PBXFileReference; lastKnownFileType = sourcecode.c.objc; path = main.m; sourceTree = "<group>"; };
		FC629D3B208ABDF700B31A99 /* ZDTableViewController.h */ = {isa = PBXFileReference; lastKnownFileType = sourcecode.c.h; path = ZDTableViewController.h; sourceTree = "<group>"; };
		FC629D3C208ABDF700B31A99 /* ZDTableViewController.m */ = {isa = PBXFileReference; lastKnownFileType = sourcecode.c.objc; path = ZDTableViewController.m; sourceTree = "<group>"; };
		FC629D3E208ABE3900B31A99 /* ZDTableViewCell.h */ = {isa = PBXFileReference; lastKnownFileType = sourcecode.c.h; path = ZDTableViewCell.h; sourceTree = "<group>"; };
		FC629D3F208ABE3900B31A99 /* ZDTableViewCell.m */ = {isa = PBXFileReference; lastKnownFileType = sourcecode.c.objc; path = ZDTableViewCell.m; sourceTree = "<group>"; };
		FC629D40208ABE3900B31A99 /* ZDTableViewCell.xib */ = {isa = PBXFileReference; lastKnownFileType = file.xib; path = ZDTableViewCell.xib; sourceTree = "<group>"; };
		FC629D43208AC0BB00B31A99 /* ZDCellModel.h */ = {isa = PBXFileReference; lastKnownFileType = sourcecode.c.h; path = ZDCellModel.h; sourceTree = "<group>"; };
		FC629D44208AC0BB00B31A99 /* ZDCellModel.m */ = {isa = PBXFileReference; lastKnownFileType = sourcecode.c.objc; path = ZDCellModel.m; sourceTree = "<group>"; };
/* End PBXFileReference section */

/* Begin PBXFrameworksBuildPhase section */
		FC629D1F208AB9E200B31A99 /* Frameworks */ = {
			isa = PBXFrameworksBuildPhase;
			buildActionMask = 2147483647;
			files = (
				FD272ECAF5E30B194410A8CD /* libPods-MultiDownload.a in Frameworks */,
			);
			runOnlyForDeploymentPostprocessing = 0;
		};
/* End PBXFrameworksBuildPhase section */

/* Begin PBXGroup section */
		054A7FEBDC2C3986DB4764AD /* Pods */ = {
			isa = PBXGroup;
			children = (
				9ACDA9811A391163AFA13BE0 /* Pods-MultiDownload.debug.xcconfig */,
				83C096FCB34B4E36F1EE4E1F /* Pods-MultiDownload.release.xcconfig */,
			);
			name = Pods;
			sourceTree = "<group>";
		};
		AE67AA4A29A1A10DF3AD8E44 /* Frameworks */ = {
			isa = PBXGroup;
			children = (
				6423E3FC756299D40232A7C7 /* libPods-MultiDownload.a */,
			);
			name = Frameworks;
			sourceTree = "<group>";
		};
		FC629D19208AB9E200B31A99 = {
			isa = PBXGroup;
			children = (
				FC629D24208AB9E200B31A99 /* MultiDownload */,
				FC629D23208AB9E200B31A99 /* Products */,
				054A7FEBDC2C3986DB4764AD /* Pods */,
				AE67AA4A29A1A10DF3AD8E44 /* Frameworks */,
			);
			sourceTree = "<group>";
		};
		FC629D23208AB9E200B31A99 /* Products */ = {
			isa = PBXGroup;
			children = (
				FC629D22208AB9E200B31A99 /* MultiDownload.app */,
			);
			name = Products;
			sourceTree = "<group>";
		};
		FC629D24208AB9E200B31A99 /* MultiDownload */ = {
			isa = PBXGroup;
			children = (
				FC629D25208AB9E200B31A99 /* AppDelegate.h */,
				FC629D26208AB9E200B31A99 /* AppDelegate.m */,
				FC629D28208AB9E200B31A99 /* ViewController.h */,
				FC629D29208AB9E200B31A99 /* ViewController.m */,
				FC629D3B208ABDF700B31A99 /* ZDTableViewController.h */,
				FC629D3C208ABDF700B31A99 /* ZDTableViewController.m */,
				FC629D3E208ABE3900B31A99 /* ZDTableViewCell.h */,
				FC629D3F208ABE3900B31A99 /* ZDTableViewCell.m */,
				FC629D43208AC0BB00B31A99 /* ZDCellModel.h */,
				FC629D44208AC0BB00B31A99 /* ZDCellModel.m */,
				FC629D40208ABE3900B31A99 /* ZDTableViewCell.xib */,
				FC629D2B208AB9E200B31A99 /* Main.storyboard */,
				FC629D2E208AB9E200B31A99 /* Assets.xcassets */,
				FC629D30208AB9E200B31A99 /* LaunchScreen.storyboard */,
				FC629D33208AB9E200B31A99 /* Info.plist */,
				FC629D34208AB9E200B31A99 /* main.m */,
			);
			path = MultiDownload;
			sourceTree = "<group>";
		};
/* End PBXGroup section */

/* Begin PBXNativeTarget section */
		FC629D21208AB9E200B31A99 /* MultiDownload */ = {
			isa = PBXNativeTarget;
			buildConfigurationList = FC629D38208AB9E200B31A99 /* Build configuration list for PBXNativeTarget "MultiDownload" */;
			buildPhases = (
				EB895FB5799244CB313B3F7F /* [CP] Check Pods Manifest.lock */,
				FC629D1E208AB9E200B31A99 /* Sources */,
				FC629D1F208AB9E200B31A99 /* Frameworks */,
				FC629D20208AB9E200B31A99 /* Resources */,
				0D4B3A4A7A5D10DF787940C9 /* [CP] Embed Pods Frameworks */,
				AE20E0888E9182C6B4633EBE /* [CP] Copy Pods Resources */,
			);
			buildRules = (
			);
			dependencies = (
			);
			name = MultiDownload;
			productName = MultiDownload;
			productReference = FC629D22208AB9E200B31A99 /* MultiDownload.app */;
			productType = "com.apple.product-type.application";
		};
/* End PBXNativeTarget section */

/* Begin PBXProject section */
		FC629D1A208AB9E200B31A99 /* Project object */ = {
			isa = PBXProject;
			attributes = {
				CLASSPREFIX = ZD;
				LastUpgradeCheck = 0920;
				ORGANIZATIONNAME = "朱冬冬";
				TargetAttributes = {
					FC629D21208AB9E200B31A99 = {
						CreatedOnToolsVersion = 9.2;
						ProvisioningStyle = Automatic;
					};
				};
			};
			buildConfigurationList = FC629D1D208AB9E200B31A99 /* Build configuration list for PBXProject "MultiDownload" */;
			compatibilityVersion = "Xcode 8.0";
			developmentRegion = en;
			hasScannedForEncodings = 0;
			knownRegions = (
				en,
				Base,
			);
			mainGroup = FC629D19208AB9E200B31A99;
			productRefGroup = FC629D23208AB9E200B31A99 /* Products */;
			projectDirPath = "";
			projectRoot = "";
			targets = (
				FC629D21208AB9E200B31A99 /* MultiDownload */,
			);
		};
/* End PBXProject section */

/* Begin PBXResourcesBuildPhase section */
		FC629D20208AB9E200B31A99 /* Resources */ = {
			isa = PBXResourcesBuildPhase;
			buildActionMask = 2147483647;
			files = (
				FC629D32208AB9E200B31A99 /* LaunchScreen.storyboard in Resources */,
				FC629D42208ABE3900B31A99 /* ZDTableViewCell.xib in Resources */,
				FC629D2F208AB9E200B31A99 /* Assets.xcassets in Resources */,
				FC629D2D208AB9E200B31A99 /* Main.storyboard in Resources */,
			);
			runOnlyForDeploymentPostprocessing = 0;
		};
/* End PBXResourcesBuildPhase section */

/* Begin PBXShellScriptBuildPhase section */
		0D4B3A4A7A5D10DF787940C9 /* [CP] Embed Pods Frameworks */ = {
			isa = PBXShellScriptBuildPhase;
			buildActionMask = 2147483647;
			files = (
			);
			inputPaths = (
			);
			name = "[CP] Embed Pods Frameworks";
			outputPaths = (
			);
			runOnlyForDeploymentPostprocessing = 0;
			shellPath = /bin/sh;
			shellScript = "\"${SRCROOT}/Pods/Target Support Files/Pods-MultiDownload/Pods-MultiDownload-frameworks.sh\"\n";
			showEnvVarsInLog = 0;
		};
		AE20E0888E9182C6B4633EBE /* [CP] Copy Pods Resources */ = {
			isa = PBXShellScriptBuildPhase;
			buildActionMask = 2147483647;
			files = (
			);
			inputPaths = (
				"${SRCROOT}/Pods/Target Support Files/Pods-MultiDownload/Pods-MultiDownload-resources.sh",
				"${PODS_ROOT}/MJRefresh/MJRefresh/MJRefresh.bundle",
			);
			name = "[CP] Copy Pods Resources";
			outputPaths = (
				"${TARGET_BUILD_DIR}/${UNLOCALIZED_RESOURCES_FOLDER_PATH}/MJRefresh.bundle",
			);
			runOnlyForDeploymentPostprocessing = 0;
			shellPath = /bin/sh;
			shellScript = "\"${SRCROOT}/Pods/Target Support Files/Pods-MultiDownload/Pods-MultiDownload-resources.sh\"\n";
			showEnvVarsInLog = 0;
		};
		EB895FB5799244CB313B3F7F /* [CP] Check Pods Manifest.lock */ = {
			isa = PBXShellScriptBuildPhase;
			buildActionMask = 2147483647;
			files = (
			);
			inputPaths = (
				"${PODS_PODFILE_DIR_PATH}/Podfile.lock",
				"${PODS_ROOT}/Manifest.lock",
			);
			name = "[CP] Check Pods Manifest.lock";
			outputPaths = (
				"$(DERIVED_FILE_DIR)/Pods-MultiDownload-checkManifestLockResult.txt",
			);
			runOnlyForDeploymentPostprocessing = 0;
			shellPath = /bin/sh;
			shellScript = "diff \"${PODS_PODFILE_DIR_PATH}/Podfile.lock\" \"${PODS_ROOT}/Manifest.lock\" > /dev/null\nif [ $? != 0 ] ; then\n    # print error to STDERR\n    echo \"error: The sandbox is not in sync with the Podfile.lock. Run 'pod install' or update your CocoaPods installation.\" >&2\n    exit 1\nfi\n# This output is used by Xcode 'outputs' to avoid re-running this script phase.\necho \"SUCCESS\" > \"${SCRIPT_OUTPUT_FILE_0}\"\n";
			showEnvVarsInLog = 0;
		};
/* End PBXShellScriptBuildPhase section */

/* Begin PBXSourcesBuildPhase section */
		FC629D1E208AB9E200B31A99 /* Sources */ = {
			isa = PBXSourcesBuildPhase;
			buildActionMask = 2147483647;
			files = (
				FC629D2A208AB9E200B31A99 /* ViewController.m in Sources */,
				FC629D45208AC0BB00B31A99 /* ZDCellModel.m in Sources */,
				FC629D35208AB9E200B31A99 /* main.m in Sources */,
				FC629D41208ABE3900B31A99 /* ZDTableViewCell.m in Sources */,
				FC629D27208AB9E200B31A99 /* AppDelegate.m in Sources */,
				FC629D3D208ABDF700B31A99 /* ZDTableViewController.m in Sources */,
			);
			runOnlyForDeploymentPostprocessing = 0;
		};
/* End PBXSourcesBuildPhase section */

/* Begin PBXVariantGroup section */
		FC629D2B208AB9E200B31A99 /* Main.storyboard */ = {
			isa = PBXVariantGroup;
			children = (
				FC629D2C208AB9E200B31A99 /* Base */,
			);
			name = Main.storyboard;
			sourceTree = "<group>";
		};
		FC629D30208AB9E200B31A99 /* LaunchScreen.storyboard */ = {
			isa = PBXVariantGroup;
			children = (
				FC629D31208AB9E200B31A99 /* Base */,
			);
			name = LaunchScreen.storyboard;
			sourceTree = "<group>";
		};
/* End PBXVariantGroup section */

/* Begin XCBuildConfiguration section */
		FC629D36208AB9E200B31A99 /* Debug */ = {
			isa = XCBuildConfiguration;
			buildSettings = {
				ALWAYS_SEARCH_USER_PATHS = NO;
				CLANG_ANALYZER_NONNULL = YES;
				CLANG_ANALYZER_NUMBER_OBJECT_CONVERSION = YES_AGGRESSIVE;
				CLANG_CXX_LANGUAGE_STANDARD = "gnu++14";
				CLANG_CXX_LIBRARY = "libc++";
				CLANG_ENABLE_MODULES = YES;
				CLANG_ENABLE_OBJC_ARC = YES;
				CLANG_WARN_BLOCK_CAPTURE_AUTORELEASING = YES;
				CLANG_WARN_BOOL_CONVERSION = YES;
				CLANG_WARN_COMMA = YES;
				CLANG_WARN_CONSTANT_CONVERSION = YES;
				CLANG_WARN_DIRECT_OBJC_ISA_USAGE = YES_ERROR;
				CLANG_WARN_DOCUMENTATION_COMMENTS = YES;
				CLANG_WARN_EMPTY_BODY = YES;
				CLANG_WARN_ENUM_CONVERSION = YES;
				CLANG_WARN_INFINITE_RECURSION = YES;
				CLANG_WARN_INT_CONVERSION = YES;
				CLANG_WARN_NON_LITERAL_NULL_CONVERSION = YES;
				CLANG_WARN_OBJC_LITERAL_CONVERSION = YES;
				CLANG_WARN_OBJC_ROOT_CLASS = YES_ERROR;
				CLANG_WARN_RANGE_LOOP_ANALYSIS = YES;
				CLANG_WARN_STRICT_PROTOTYPES = YES;
				CLANG_WARN_SUSPICIOUS_MOVE = YES;
				CLANG_WARN_UNGUARDED_AVAILABILITY = YES_AGGRESSIVE;
				CLANG_WARN_UNREACHABLE_CODE = YES;
				CLANG_WARN__DUPLICATE_METHOD_MATCH = YES;
				CODE_SIGN_IDENTITY = "iPhone Developer";
				COPY_PHASE_STRIP = NO;
				DEBUG_INFORMATION_FORMAT = dwarf;
				ENABLE_STRICT_OBJC_MSGSEND = YES;
				ENABLE_TESTABILITY = YES;
				GCC_C_LANGUAGE_STANDARD = gnu11;
				GCC_DYNAMIC_NO_PIC = NO;
				GCC_NO_COMMON_BLOCKS = YES;
				GCC_OPTIMIZATION_LEVEL = 0;
				GCC_PREPROCESSOR_DEFINITIONS = (
					"DEBUG=1",
					"$(inherited)",
				);
				GCC_WARN_64_TO_32_BIT_CONVERSION = YES;
				GCC_WARN_ABOUT_RETURN_TYPE = YES_ERROR;
				GCC_WARN_UNDECLARED_SELECTOR = YES;
				GCC_WARN_UNINITIALIZED_AUTOS = YES_AGGRESSIVE;
				GCC_WARN_UNUSED_FUNCTION = YES;
				GCC_WARN_UNUSED_VARIABLE = YES;
				IPHONEOS_DEPLOYMENT_TARGET = 11.2;
				MTL_ENABLE_DEBUG_INFO = YES;
				ONLY_ACTIVE_ARCH = YES;
				SDKROOT = iphoneos;
			};
			name = Debug;
		};
		FC629D37208AB9E200B31A99 /* Release */ = {
			isa = XCBuildConfiguration;
			buildSettings = {
				ALWAYS_SEARCH_USER_PATHS = NO;
				CLANG_ANALYZER_NONNULL = YES;
				CLANG_ANALYZER_NUMBER_OBJECT_CONVERSION = YES_AGGRESSIVE;
				CLANG_CXX_LANGUAGE_STANDARD = "gnu++14";
				CLANG_CXX_LIBRARY = "libc++";
				CLANG_ENABLE_MODULES = YES;
				CLANG_ENABLE_OBJC_ARC = YES;
				CLANG_WARN_BLOCK_CAPTURE_AUTORELEASING = YES;
				CLANG_WARN_BOOL_CONVERSION = YES;
				CLANG_WARN_COMMA = YES;
				CLANG_WARN_CONSTANT_CONVERSION = YES;
				CLANG_WARN_DIRECT_OBJC_ISA_USAGE = YES_ERROR;
				CLANG_WARN_DOCUMENTATION_COMMENTS = YES;
				CLANG_WARN_EMPTY_BODY = YES;
				CLANG_WARN_ENUM_CONVERSION = YES;
				CLANG_WARN_INFINITE_RECURSION = YES;
				CLANG_WARN_INT_CONVERSION = YES;
				CLANG_WARN_NON_LITERAL_NULL_CONVERSION = YES;
				CLANG_WARN_OBJC_LITERAL_CONVERSION = YES;
				CLANG_WARN_OBJC_ROOT_CLASS = YES_ERROR;
				CLANG_WARN_RANGE_LOOP_ANALYSIS = YES;
				CLANG_WARN_STRICT_PROTOTYPES = YES;
				CLANG_WARN_SUSPICIOUS_MOVE = YES;
				CLANG_WARN_UNGUARDED_AVAILABILITY = YES_AGGRESSIVE;
				CLANG_WARN_UNREACHABLE_CODE = YES;
				CLANG_WARN__DUPLICATE_METHOD_MATCH = YES;
				CODE_SIGN_IDENTITY = "iPhone Developer";
				COPY_PHASE_STRIP = NO;
				DEBUG_INFORMATION_FORMAT = "dwarf-with-dsym";
				ENABLE_NS_ASSERTIONS = NO;
				ENABLE_STRICT_OBJC_MSGSEND = YES;
				GCC_C_LANGUAGE_STANDARD = gnu11;
				GCC_NO_COMMON_BLOCKS = YES;
				GCC_WARN_64_TO_32_BIT_CONVERSION = YES;
				GCC_WARN_ABOUT_RETURN_TYPE = YES_ERROR;
				GCC_WARN_UNDECLARED_SELECTOR = YES;
				GCC_WARN_UNINITIALIZED_AUTOS = YES_AGGRESSIVE;
				GCC_WARN_UNUSED_FUNCTION = YES;
				GCC_WARN_UNUSED_VARIABLE = YES;
				IPHONEOS_DEPLOYMENT_TARGET = 11.2;
				MTL_ENABLE_DEBUG_INFO = NO;
				SDKROOT = iphoneos;
				VALIDATE_PRODUCT = YES;
			};
			name = Release;
		};
		FC629D39208AB9E200B31A99 /* Debug */ = {
			isa = XCBuildConfiguration;
			baseConfigurationReference = 9ACDA9811A391163AFA13BE0 /* Pods-MultiDownload.debug.xcconfig */;
			buildSettings = {
				ASSETCATALOG_COMPILER_APPICON_NAME = AppIcon;
				CODE_SIGN_STYLE = Automatic;
				DEVELOPMENT_TEAM = W7UZU6QJY5;
				INFOPLIST_FILE = MultiDownload/Info.plist;
				LD_RUNPATH_SEARCH_PATHS = "$(inherited) @executable_path/Frameworks";
				PRODUCT_BUNDLE_IDENTIFIER = com.jujin8.www.MultiDownload;
				PRODUCT_NAME = "$(TARGET_NAME)";
				TARGETED_DEVICE_FAMILY = "1,2";
			};
			name = Debug;
		};
		FC629D3A208AB9E200B31A99 /* Release */ = {
			isa = XCBuildConfiguration;
			baseConfigurationReference = 83C096FCB34B4E36F1EE4E1F /* Pods-MultiDownload.release.xcconfig */;
			buildSettings = {
				ASSETCATALOG_COMPILER_APPICON_NAME = AppIcon;
				CODE_SIGN_STYLE = Automatic;
				DEVELOPMENT_TEAM = W7UZU6QJY5;
				INFOPLIST_FILE = MultiDownload/Info.plist;
				LD_RUNPATH_SEARCH_PATHS = "$(inherited) @executable_path/Frameworks";
				PRODUCT_BUNDLE_IDENTIFIER = com.jujin8.www.MultiDownload;
				PRODUCT_NAME = "$(TARGET_NAME)";
				TARGETED_DEVICE_FAMILY = "1,2";
			};
			name = Release;
		};
/* End XCBuildConfiguration section */

/* Begin XCConfigurationList section */
		FC629D1D208AB9E200B31A99 /* Build configuration list for PBXProject "MultiDownload" */ = {
			isa = XCConfigurationList;
			buildConfigurations = (
				FC629D36208AB9E200B31A99 /* Debug */,
				FC629D37208AB9E200B31A99 /* Release */,
			);
			defaultConfigurationIsVisible = 0;
			defaultConfigurationName = Release;
		};
		FC629D38208AB9E200B31A99 /* Build configuration list for PBXNativeTarget "MultiDownload" */ = {
			isa = XCConfigurationList;
			buildConfigurations = (
				FC629D39208AB9E200B31A99 /* Debug */,
				FC629D3A208AB9E200B31A99 /* Release */,
			);
			defaultConfigurationIsVisible = 0;
			defaultConfigurationName = Release;
		};
/* End XCConfigurationList section */
	};
	rootObject = FC629D1A208AB9E200B31A99 /* Project object */;
}
